[[package]]
name = "backports.csv"
version = "1.0.7"
description = "Backport of Python 3 csv module"
category = "dev"
optional = false
python-versions = "*"

[[package]]
name = "beautifulsoup4"
version = "4.9.3"
description = "Screen-scraping library"
category = "dev"
optional = false
python-versions = "*"

[package.dependencies]
soupsieve = {version = ">1.2", markers = "python_version >= \"3.0\""}

[package.extras]
html5lib = ["html5lib"]
lxml = ["lxml"]

[[package]]
name = "blinker"
version = "1.4"
description = "Fast, simple object-to-object and broadcast signaling"
category = "main"
optional = false
python-versions = "*"

[[package]]
name = "cachelib"
version = "0.1.1"
description = "A collection of cache libraries in the same API interface."
category = "main"
optional = false
python-versions = "*"

[[package]]
name = "certifi"
version = "2020.12.5"
description = "Python package for providing Mozilla's CA Bundle."
category = "main"
optional = false
python-versions = "*"

[[package]]
name = "chardet"
version = "4.0.0"
description = "Universal encoding detector for Python 2 and 3"
category = "dev"
optional = false
python-versions = ">=2.7, !=3.0.*, !=3.1.*, !=3.2.*, !=3.3.*, !=3.4.*"

[[package]]
name = "click"
version = "8.0.0"
description = "Composable command line interface toolkit"
category = "main"
optional = false
python-versions = ">=3.6"

[package.dependencies]
colorama = {version = "*", markers = "platform_system == \"Windows\""}

[[package]]
name = "colorama"
version = "0.4.4"
description = "Cross-platform colored terminal text."
category = "main"
optional = false
python-versions = ">=2.7, !=3.0.*, !=3.1.*, !=3.2.*, !=3.3.*, !=3.4.*"

[[package]]
name = "contextlib2"
version = "0.6.0.post1"
description = "Backports and enhancements for the contextlib module"
category = "dev"
optional = false
python-versions = ">=2.7, !=3.0.*, !=3.1.*, !=3.2.*, !=3.3.*"

[[package]]
name = "docopt"
version = "0.6.2"
description = "Pythonic argument parser, that will make you smile"
category = "dev"
optional = false
python-versions = "*"

[[package]]
name = "flask"
version = "2.0.0"
description = "A simple framework for building complex web applications."
category = "main"
optional = false
python-versions = ">=3.6"

[package.dependencies]
click = ">=7.1.2"
itsdangerous = ">=2.0"
Jinja2 = ">=3.0"
Werkzeug = ">=2.0"

[package.extras]
async = ["asgiref (>=3.2)"]
dotenv = ["python-dotenv"]

[[package]]
name = "flask-limiter"
version = "1.4"
description = "Rate limiting for flask applications"
category = "main"
optional = false
python-versions = "*"

[package.dependencies]
Flask = ">=0.8"
limits = "*"
six = ">=1.4.1"

[[package]]
name = "flask-session"
version = "0.3.2"
description = "Adds server-side session support to your Flask application"
category = "main"
optional = false
python-versions = "*"

[package.dependencies]
cachelib = "*"
Flask = ">=0.8"

[[package]]
name = "gunicorn"
version = "20.1.0"
description = "WSGI HTTP Server for UNIX"
category = "main"
optional = false
python-versions = ">=3.5"

[package.extras]
eventlet = ["eventlet (>=0.24.1)"]
gevent = ["gevent (>=1.4.0)"]
setproctitle = ["setproctitle"]
tornado = ["tornado (>=0.2)"]

[[package]]
name = "idna"
version = "2.10"
description = "Internationalized Domain Names in Applications (IDNA)"
category = "dev"
optional = false
python-versions = ">=2.7, !=3.0.*, !=3.1.*, !=3.2.*, !=3.3.*"

[[package]]
name = "internetarchive"
version = "2.0.3"
description = "A Python interface to archive.org."
category = "dev"
optional = false
python-versions = "*"

[package.dependencies]
"backports.csv" = "<1.07"
docopt = ">=0.6.0,<0.7.0"
jsonpatch = ">=0.4"
requests = ">=2.9.1,<3.0.0"
schema = ">=0.4.0"
six = ">=1.13.0,<2.0.0"
tqdm = ">=4.0.0"

[[package]]
name = "itsdangerous"
version = "2.0.0"
description = "Safely pass data to untrusted environments and back."
category = "main"
optional = false
python-versions = ">=3.6"

[[package]]
name = "jinja2"
version = "3.0.0"
description = "A very fast and expressive template engine."
category = "main"
optional = false
python-versions = ">=3.6"

[package.dependencies]
MarkupSafe = ">=2.0.0rc2"

[package.extras]
i18n = ["Babel (>=2.7)"]

[[package]]
name = "jsonlines"
version = "2.0.0"
description = "Library with helpers for the jsonlines file format"
category = "dev"
optional = false
python-versions = ">=3.6"

[[package]]
name = "jsonpatch"
version = "1.32"
description = "Apply JSON-Patches (RFC 6902)"
category = "dev"
optional = false
python-versions = ">=2.7, !=3.0.*, !=3.1.*, !=3.2.*, !=3.3.*, !=3.4.*"

[package.dependencies]
jsonpointer = ">=1.9"

[[package]]
name = "jsonpointer"
version = "2.1"
description = "Identify specific nodes in a JSON document (RFC 6901)"
category = "dev"
optional = false
python-versions = ">=2.7, !=3.0.*, !=3.1.*, !=3.2.*, !=3.3.*"

[[package]]
name = "libsass"
version = "0.20.1"
description = "Sass for Python: A straightforward binding of libsass for Python."
category = "main"
optional = false
python-versions = "*"

[package.dependencies]
six = "*"

[[package]]
name = "limits"
version = "1.5.1"
description = "Rate limiting utilities"
category = "main"
optional = false
python-versions = "*"

[package.dependencies]
six = ">=1.4.1"

[[package]]
name = "lxml"
version = "4.6.3"
description = "Powerful and Pythonic XML processing library combining libxml2/libxslt with the ElementTree API."
category = "dev"
optional = false
python-versions = ">=2.7, !=3.0.*, !=3.1.*, !=3.2.*, !=3.3.*, != 3.4.*"

[package.extras]
cssselect = ["cssselect (>=0.7)"]
html5 = ["html5lib"]
htmlsoup = ["beautifulsoup4"]
source = ["Cython (>=0.29.7)"]

[[package]]
name = "markovify"
version = "0.9.0"
description = "A simple, extensible Markov chain generator. Uses include generating random semi-plausible sentences based on an existing text."
category = "main"
optional = false
python-versions = "*"

[package.dependencies]
unidecode = "*"

[[package]]
name = "markupsafe"
version = "2.0.0"
description = "Safely add untrusted strings to HTML/XML markup."
category = "main"
optional = false
python-versions = ">=3.6"

[[package]]
name = "peewee"
version = "3.14.4"
description = "a little orm"
category = "main"
optional = false
python-versions = "*"

[[package]]
name = "pillow"
version = "8.2.0"
description = "Python Imaging Library (Fork)"
category = "main"
optional = false
python-versions = ">=3.6"

[[package]]
name = "pymysql"
version = "1.0.2"
description = "Pure Python MySQL Driver"
category = "main"
optional = false
python-versions = ">=3.6"

[package.extras]
ed25519 = ["PyNaCl (>=1.4.0)"]
rsa = ["cryptography"]

[[package]]
name = "python-slugify"
version = "5.0.2"
description = "A Python Slugify application that handles Unicode"
category = "dev"
optional = false
python-versions = ">=3.6"

[package.dependencies]
text-unidecode = ">=1.3"

[package.extras]
unidecode = ["Unidecode (>=1.1.1)"]

[[package]]
name = "redis"
version = "3.5.3"
description = "Python client for Redis key-value store"
category = "main"
optional = false
python-versions = ">=2.7, !=3.0.*, !=3.1.*, !=3.2.*, !=3.3.*, !=3.4.*"

[package.extras]
hiredis = ["hiredis (>=0.1.3)"]

[[package]]
name = "requests"
version = "2.25.1"
description = "Python HTTP for Humans."
category = "dev"
optional = false
python-versions = ">=2.7, !=3.0.*, !=3.1.*, !=3.2.*, !=3.3.*, !=3.4.*"

[package.dependencies]
certifi = ">=2017.4.17"
chardet = ">=3.0.2,<5"
idna = ">=2.5,<3"
urllib3 = ">=1.21.1,<1.27"

[package.extras]
security = ["pyOpenSSL (>=0.14)", "cryptography (>=1.3.4)"]
socks = ["PySocks (>=1.5.6,!=1.5.7)", "win-inet-pton"]

[[package]]
name = "schema"
version = "0.7.4"
description = "Simple data validation library"
category = "dev"
optional = false
python-versions = "*"

[package.dependencies]
contextlib2 = ">=0.5.5"

[[package]]
name = "sentry-sdk"
version = "1.1.0"
description = "Python client for Sentry (https://sentry.io)"
category = "main"
optional = false
python-versions = "*"

[package.dependencies]
blinker = {version = ">=1.1", optional = true, markers = "extra == \"flask\""}
certifi = "*"
flask = {version = ">=0.11", optional = true, markers = "extra == \"flask\""}
urllib3 = ">=1.10.0"

[package.extras]
aiohttp = ["aiohttp (>=3.5)"]
beam = ["apache-beam (>=2.12)"]
bottle = ["bottle (>=0.12.13)"]
celery = ["celery (>=3)"]
chalice = ["chalice (>=1.16.0)"]
django = ["django (>=1.8)"]
falcon = ["falcon (>=1.4)"]
flask = ["flask (>=0.11)", "blinker (>=1.1)"]
pure_eval = ["pure-eval", "executing", "asttokens"]
pyspark = ["pyspark (>=2.4.4)"]
rq = ["rq (>=0.6)"]
sanic = ["sanic (>=0.8)"]
sqlalchemy = ["sqlalchemy (>=1.2)"]
tornado = ["tornado (>=5)"]

[[package]]
name = "setproctitle"
version = "1.2.2"
description = "A Python module to customize the process title"
category = "main"
optional = false
python-versions = ">=3.6"

[package.extras]
test = ["pytest (>=6.1,<6.2)"]

[[package]]
name = "six"
version = "1.16.0"
description = "Python 2 and 3 compatibility utilities"
category = "main"
optional = false
python-versions = ">=2.7, !=3.0.*, !=3.1.*, !=3.2.*"

[[package]]
name = "soupsieve"
version = "2.2.1"
description = "A modern CSS selector implementation for Beautiful Soup."
category = "dev"
optional = false
python-versions = ">=3.6"

[[package]]
name = "text-unidecode"
version = "1.3"
description = "The most basic Text::Unidecode port"
category = "dev"
optional = false
python-versions = "*"

[[package]]
name = "tqdm"
version = "4.60.0"
description = "Fast, Extensible Progress Meter"
category = "dev"
optional = false
python-versions = "!=3.0.*,!=3.1.*,!=3.2.*,!=3.3.*,>=2.7"

[package.extras]
dev = ["py-make (>=0.1.0)", "twine", "wheel"]
notebook = ["ipywidgets (>=6)"]
telegram = ["requests"]

[[package]]
name = "unidecode"
version = "1.2.0"
description = "ASCII transliterations of Unicode text"
category = "main"
optional = false
python-versions = ">=2.7, !=3.0.*, !=3.1.*, !=3.2.*, !=3.3.*"

[[package]]
name = "urllib3"
version = "1.26.4"
description = "HTTP library with thread-safe connection pooling, file post, and more."
category = "main"
optional = false
python-versions = ">=2.7, !=3.0.*, !=3.1.*, !=3.2.*, !=3.3.*, !=3.4.*, <4"

[package.extras]
secure = ["pyOpenSSL (>=0.14)", "cryptography (>=1.3.4)", "idna (>=2.0.0)", "certifi", "ipaddress"]
socks = ["PySocks (>=1.5.6,!=1.5.7,<2.0)"]
brotli = ["brotlipy (>=0.6.0)"]

[[package]]
name = "werkzeug"
version = "2.0.0"
description = "The comprehensive WSGI web application library."
category = "main"
optional = false
python-versions = ">=3.6"

[package.extras]
watchdog = ["watchdog"]

[metadata]
lock-version = "1.1"
python-versions = "^3.7"
content-hash = "c97d7811cc39a17905da08316461253c7c78e0bcee8cd9e49e80de4193c64d40"

[metadata.files]
"backports.csv" = [
    {file = "backports.csv-1.0.7-py2.py3-none-any.whl", hash = "sha256:21f6e09bab589e6c1f877edbc40277b65e626262a86e69a70137db714eaac5ce"},
    {file = "backports.csv-1.0.7.tar.gz", hash = "sha256:1277dfff73130b2e106bf3dd347adb3c5f6c4340882289d88f31240da92cbd6d"},
]
beautifulsoup4 = [
    {file = "beautifulsoup4-4.9.3-py2-none-any.whl", hash = "sha256:4c98143716ef1cb40bf7f39a8e3eec8f8b009509e74904ba3a7b315431577e35"},
    {file = "beautifulsoup4-4.9.3-py3-none-any.whl", hash = "sha256:fff47e031e34ec82bf17e00da8f592fe7de69aeea38be00523c04623c04fb666"},
    {file = "beautifulsoup4-4.9.3.tar.gz", hash = "sha256:84729e322ad1d5b4d25f805bfa05b902dd96450f43842c4e99067d5e1369eb25"},
]
blinker = [
    {file = "blinker-1.4.tar.gz", hash = "sha256:471aee25f3992bd325afa3772f1063dbdbbca947a041b8b89466dc00d606f8b6"},
]
cachelib = [
    {file = "cachelib-0.1.1-py3-none-any.whl", hash = "sha256:7df6e05b8dfccdeb869e171575580e5606cf1e82a166633b3cb406bc4f113fd0"},
    {file = "cachelib-0.1.1.tar.gz", hash = "sha256:47e95a67d68c729cbad63285a790a06f0e0d27d71624c6e44c1ec3456bb4476f"},
]
certifi = [
    {file = "certifi-2020.12.5-py2.py3-none-any.whl", hash = "sha256:719a74fb9e33b9bd44cc7f3a8d94bc35e4049deebe19ba7d8e108280cfd59830"},
    {file = "certifi-2020.12.5.tar.gz", hash = "sha256:1a4995114262bffbc2413b159f2a1a480c969de6e6eb13ee966d470af86af59c"},
]
chardet = [
    {file = "chardet-4.0.0-py2.py3-none-any.whl", hash = "sha256:f864054d66fd9118f2e67044ac8981a54775ec5b67aed0441892edb553d21da5"},
    {file = "chardet-4.0.0.tar.gz", hash = "sha256:0d6f53a15db4120f2b08c94f11e7d93d2c911ee118b6b30a04ec3ee8310179fa"},
]
click = [
    {file = "click-8.0.0-py3-none-any.whl", hash = "sha256:e90e62ced43dc8105fb9a26d62f0d9340b5c8db053a814e25d95c19873ae87db"},
    {file = "click-8.0.0.tar.gz", hash = "sha256:7d8c289ee437bcb0316820ccee14aefcb056e58d31830ecab8e47eda6540e136"},
]
colorama = [
    {file = "colorama-0.4.4-py2.py3-none-any.whl", hash = "sha256:9f47eda37229f68eee03b24b9748937c7dc3868f906e8ba69fbcbdd3bc5dc3e2"},
    {file = "colorama-0.4.4.tar.gz", hash = "sha256:5941b2b48a20143d2267e95b1c2a7603ce057ee39fd88e7329b0c292aa16869b"},
]
contextlib2 = [
    {file = "contextlib2-0.6.0.post1-py2.py3-none-any.whl", hash = "sha256:3355078a159fbb44ee60ea80abd0d87b80b78c248643b49aa6d94673b413609b"},
    {file = "contextlib2-0.6.0.post1.tar.gz", hash = "sha256:01f490098c18b19d2bd5bb5dc445b2054d2fa97f09a4280ba2c5f3c394c8162e"},
]
docopt = [
    {file = "docopt-0.6.2.tar.gz", hash = "sha256:49b3a825280bd66b3aa83585ef59c4a8c82f2c8a522dbe754a8bc8d08c85c491"},
]
flask = [
    {file = "Flask-2.0.0-py3-none-any.whl", hash = "sha256:1833a4b36ace08dfa1510d86f1bb6fc595d990ec1b838e03ac8dd80ac0705954"},
    {file = "Flask-2.0.0.tar.gz", hash = "sha256:168e8507792cb8a3aa06afbe5d4d431d3e07c6318bc3893ceecb81aff09f848d"},
]
flask-limiter = [
    {file = "Flask-Limiter-1.4.tar.gz", hash = "sha256:021279c905a1e24f181377ab3be711be7541734b494f4e6db2b8edeba7601e48"},
    {file = "Flask_Limiter-1.4-py3-none-any.whl", hash = "sha256:f8a65a7874f48ff8df2ea5e86d5b85b48fcbae065ebeb5271b317fe68fcfa979"},
    {file = "Flask_Limiter-1.4-py3.7.egg", hash = "sha256:055a388a89f4d5768c64025443f1f41e3babcbbbf315c728413c27b4975af239"},
]
flask-session = [
    {file = "Flask-Session-0.3.2.tar.gz", hash = "sha256:0768e2bbf06f963ec1aa711bde7aa32dc39ff70f89b495d6db687d899eae4423"},
    {file = "Flask_Session-0.3.2-py2.py3-none-any.whl", hash = "sha256:d75eb27f918421ccaf1ba86353348b84ecf07fc64ce40ff7ad05a190c4bf50f1"},
]
gunicorn = [
    {file = "gunicorn-20.1.0.tar.gz", hash = "sha256:e0a968b5ba15f8a328fdfd7ab1fcb5af4470c28aaf7e55df02a99bc13138e6e8"},
]
idna = [
    {file = "idna-2.10-py2.py3-none-any.whl", hash = "sha256:b97d804b1e9b523befed77c48dacec60e6dcb0b5391d57af6a65a312a90648c0"},
    {file = "idna-2.10.tar.gz", hash = "sha256:b307872f855b18632ce0c21c5e45be78c0ea7ae4c15c828c20788b26921eb3f6"},
]
internetarchive = [
    {file = "internetarchive-2.0.3-py2.py3-none-any.whl", hash = "sha256:5ace1a8f33b47af04bf1a54fdba64ab5c108857008f0aa7eb1b5455e3ebfbe0c"},
    {file = "internetarchive-2.0.3.tar.gz", hash = "sha256:2ce0ab89fea37e5b2311bc7d163955e84f73f6beeac3942e17e9d51ad7cc9ffa"},
]
itsdangerous = [
    {file = "itsdangerous-2.0.0-py3-none-any.whl", hash = "sha256:e2cb4ae918f07ab2a2f9a91dec2695bd1f25a19d31861a70015ad537ccb5e807"},
    {file = "itsdangerous-2.0.0.tar.gz", hash = "sha256:99b1053ccce68066dfc0b4465ef8779027e6d577377c8270e21a3d6289cac111"},
]
jinja2 = [
    {file = "Jinja2-3.0.0-py3-none-any.whl", hash = "sha256:2f2de5285cf37f33d33ecd4a9080b75c87cd0c1994d5a9c6df17131ea1f049c6"},
    {file = "Jinja2-3.0.0.tar.gz", hash = "sha256:ea8d7dd814ce9df6de6a761ec7f1cac98afe305b8cdc4aaae4e114b8d8ce24c5"},
]
jsonlines = [
    {file = "jsonlines-2.0.0-py3-none-any.whl", hash = "sha256:bfb043d4e25fd894dca67b1f2adf014e493cb65d0f18b3a74a98bfcd97c3d983"},
    {file = "jsonlines-2.0.0.tar.gz", hash = "sha256:6fdd03104c9a421a1ba587a121aaac743bf02d8f87fa9cdaa3b852249a241fe8"},
]
jsonpatch = [
    {file = "jsonpatch-1.32-py2.py3-none-any.whl", hash = "sha256:26ac385719ac9f54df8a2f0827bb8253aa3ea8ab7b3368457bcdb8c14595a397"},
    {file = "jsonpatch-1.32.tar.gz", hash = "sha256:b6ddfe6c3db30d81a96aaeceb6baf916094ffa23d7dd5fa2c13e13f8b6e600c2"},
]
jsonpointer = [
    {file = "jsonpointer-2.1-py2.py3-none-any.whl", hash = "sha256:150f80c5badd02c757da6644852f612f88e8b4bc2f9852dcbf557c8738919686"},
    {file = "jsonpointer-2.1.tar.gz", hash = "sha256:5a34b698db1eb79ceac454159d3f7c12a451a91f6334a4f638454327b7a89962"},
]
libsass = [
    {file = "libsass-0.20.1-cp27-cp27m-macosx_10_14_x86_64.whl", hash = "sha256:4a246e4b88fd279abef8b669206228c92534d96ddcd0770d7012088c408dff23"},
    {file = "libsass-0.20.1-cp27-cp27m-win32.whl", hash = "sha256:697f0f9fa8a1367ca9ec6869437cb235b1c537fc8519983d1d890178614a8903"},
    {file = "libsass-0.20.1-cp27-cp27m-win_amd64.whl", hash = "sha256:1b2d415bbf6fa7da33ef46e549db1418498267b459978eff8357e5e823962d35"},
    {file = "libsass-0.20.1-cp27-cp27mu-manylinux1_x86_64.whl", hash = "sha256:1521d2a8d4b397c6ec90640a1f6b5529077035efc48ef1c2e53095544e713d1b"},
    {file = "libsass-0.20.1-cp36-abi3-macosx_10_14_x86_64.whl", hash = "sha256:2ae806427b28bc1bb7cb0258666d854fcf92ba52a04656b0b17ba5e190fb48a9"},
    {file = "libsass-0.20.1-cp36-abi3-manylinux1_x86_64.whl", hash = "sha256:25ebc2085f5eee574761ccc8d9cd29a9b436fc970546d5ef08c6fa41eb57dff1"},
    {file = "libsass-0.20.1-cp36-cp36m-win32.whl", hash = "sha256:553e5096414a8d4fb48d0a48f5a038d3411abe254d79deac5e008516c019e63a"},
    {file = "libsass-0.20.1-cp36-cp36m-win_amd64.whl", hash = "sha256:e64ae2587f1a683e831409aad03ba547c245ef997e1329fffadf7a866d2510b8"},
    {file = "libsass-0.20.1-cp37-cp37m-win32.whl", hash = "sha256:c9411fec76f480ffbacc97d8188322e02a5abca6fc78e70b86a2a2b421eae8a2"},
    {file = "libsass-0.20.1-cp37-cp37m-win_amd64.whl", hash = "sha256:a8fd4af9f853e8bf42b1425c5e48dd90b504fa2e70d7dac5ac80b8c0a5a5fe85"},
    {file = "libsass-0.20.1-cp38-cp38-win32.whl", hash = "sha256:f6852828e9e104d2ce0358b73c550d26dd86cc3a69439438c3b618811b9584f5"},
    {file = "libsass-0.20.1-cp38-cp38-win_amd64.whl", hash = "sha256:daa98a51086d92aa7e9c8871cf1a8258124b90e2abf4697852a3dca619838618"},
    {file = "libsass-0.20.1.tar.gz", hash = "sha256:e0e60836eccbf2d9e24ec978a805cd6642fa92515fbd95e3493fee276af76f8a"},
]
limits = [
    {file = "limits-1.5.1-py2-none-any.whl", hash = "sha256:0e5f8b10f18dd809eb2342f5046eb9aa5e4e69a0258567b5f4aa270647d438b3"},
    {file = "limits-1.5.1.tar.gz", hash = "sha256:f0c3319f032c4bfad68438ed1325c0fac86dac64582c7c25cddc87a0b658fa20"},
]
lxml = [
    {file = "lxml-4.6.3-cp27-cp27m-macosx_10_9_x86_64.whl", hash = "sha256:df7c53783a46febb0e70f6b05df2ba104610f2fb0d27023409734a3ecbb78fb2"},
    {file = "lxml-4.6.3-cp27-cp27m-manylinux1_i686.whl", hash = "sha256:1b7584d421d254ab86d4f0b13ec662a9014397678a7c4265a02a6d7c2b18a75f"},
    {file = "lxml-4.6.3-cp27-cp27m-manylinux1_x86_64.whl", hash = "sha256:079f3ae844f38982d156efce585bc540c16a926d4436712cf4baee0cce487a3d"},
    {file = "lxml-4.6.3-cp27-cp27m-win32.whl", hash = "sha256:bc4313cbeb0e7a416a488d72f9680fffffc645f8a838bd2193809881c67dd106"},
    {file = "lxml-4.6.3-cp27-cp27m-win_amd64.whl", hash = "sha256:8157dadbb09a34a6bd95a50690595e1fa0af1a99445e2744110e3dca7831c4ee"},
    {file = "lxml-4.6.3-cp27-cp27mu-manylinux1_i686.whl", hash = "sha256:7728e05c35412ba36d3e9795ae8995e3c86958179c9770e65558ec3fdfd3724f"},
    {file = "lxml-4.6.3-cp27-cp27mu-manylinux1_x86_64.whl", hash = "sha256:4bff24dfeea62f2e56f5bab929b4428ae6caba2d1eea0c2d6eb618e30a71e6d4"},
    {file = "lxml-4.6.3-cp35-cp35m-manylinux1_i686.whl", hash = "sha256:74f7d8d439b18fa4c385f3f5dfd11144bb87c1da034a466c5b5577d23a1d9b51"},
    {file = "lxml-4.6.3-cp35-cp35m-manylinux1_x86_64.whl", hash = "sha256:f90ba11136bfdd25cae3951af8da2e95121c9b9b93727b1b896e3fa105b2f586"},
    {file = "lxml-4.6.3-cp35-cp35m-manylinux2010_i686.whl", hash = "sha256:4c61b3a0db43a1607d6264166b230438f85bfed02e8cff20c22e564d0faff354"},
    {file = "lxml-4.6.3-cp35-cp35m-manylinux2014_x86_64.whl", hash = "sha256:5c8c163396cc0df3fd151b927e74f6e4acd67160d6c33304e805b84293351d16"},
    {file = "lxml-4.6.3-cp35-cp35m-win32.whl", hash = "sha256:f2380a6376dfa090227b663f9678150ef27543483055cc327555fb592c5967e2"},
    {file = "lxml-4.6.3-cp35-cp35m-win_amd64.whl", hash = "sha256:c4f05c5a7c49d2fb70223d0d5bcfbe474cf928310ac9fa6a7c6dddc831d0b1d4"},
    {file = "lxml-4.6.3-cp36-cp36m-macosx_10_9_x86_64.whl", hash = "sha256:d2e35d7bf1c1ac8c538f88d26b396e73dd81440d59c1ef8522e1ea77b345ede4"},
    {file = "lxml-4.6.3-cp36-cp36m-manylinux1_i686.whl", hash = "sha256:289e9ca1a9287f08daaf796d96e06cb2bc2958891d7911ac7cae1c5f9e1e0ee3"},
    {file = "lxml-4.6.3-cp36-cp36m-manylinux1_x86_64.whl", hash = "sha256:bccbfc27563652de7dc9bdc595cb25e90b59c5f8e23e806ed0fd623755b6565d"},
    {file = "lxml-4.6.3-cp36-cp36m-manylinux2010_i686.whl", hash = "sha256:d916d31fd85b2f78c76400d625076d9124de3e4bda8b016d25a050cc7d603f24"},
    {file = "lxml-4.6.3-cp36-cp36m-manylinux2014_aarch64.whl", hash = "sha256:820628b7b3135403540202e60551e741f9b6d3304371712521be939470b454ec"},
    {file = "lxml-4.6.3-cp36-cp36m-manylinux2014_x86_64.whl", hash = "sha256:c47ff7e0a36d4efac9fd692cfa33fbd0636674c102e9e8d9b26e1b93a94e7617"},
    {file = "lxml-4.6.3-cp36-cp36m-win32.whl", hash = "sha256:5a0a14e264069c03e46f926be0d8919f4105c1623d620e7ec0e612a2e9bf1c04"},
    {file = "lxml-4.6.3-cp36-cp36m-win_amd64.whl", hash = "sha256:92e821e43ad382332eade6812e298dc9701c75fe289f2a2d39c7960b43d1e92a"},
    {file = "lxml-4.6.3-cp37-cp37m-macosx_10_9_x86_64.whl", hash = "sha256:efd7a09678fd8b53117f6bae4fa3825e0a22b03ef0a932e070c0bdbb3a35e654"},
    {file = "lxml-4.6.3-cp37-cp37m-manylinux1_i686.whl", hash = "sha256:efac139c3f0bf4f0939f9375af4b02c5ad83a622de52d6dfa8e438e8e01d0eb0"},
    {file = "lxml-4.6.3-cp37-cp37m-manylinux1_x86_64.whl", hash = "sha256:0fbcf5565ac01dff87cbfc0ff323515c823081c5777a9fc7703ff58388c258c3"},
    {file = "lxml-4.6.3-cp37-cp37m-manylinux2010_i686.whl", hash = "sha256:36108c73739985979bf302006527cf8a20515ce444ba916281d1c43938b8bb96"},
    {file = "lxml-4.6.3-cp37-cp37m-manylinux2014_aarch64.whl", hash = "sha256:122fba10466c7bd4178b07dba427aa516286b846b2cbd6f6169141917283aae2"},
    {file = "lxml-4.6.3-cp37-cp37m-manylinux2014_x86_64.whl", hash = "sha256:cdaf11d2bd275bf391b5308f86731e5194a21af45fbaaaf1d9e8147b9160ea92"},
    {file = "lxml-4.6.3-cp37-cp37m-win32.whl", hash = "sha256:3439c71103ef0e904ea0a1901611863e51f50b5cd5e8654a151740fde5e1cade"},
    {file = "lxml-4.6.3-cp37-cp37m-win_amd64.whl", hash = "sha256:4289728b5e2000a4ad4ab8da6e1db2e093c63c08bdc0414799ee776a3f78da4b"},
    {file = "lxml-4.6.3-cp38-cp38-macosx_10_9_x86_64.whl", hash = "sha256:b007cbb845b28db4fb8b6a5cdcbf65bacb16a8bd328b53cbc0698688a68e1caa"},
    {file = "lxml-4.6.3-cp38-cp38-manylinux1_i686.whl", hash = "sha256:76fa7b1362d19f8fbd3e75fe2fb7c79359b0af8747e6f7141c338f0bee2f871a"},
    {file = "lxml-4.6.3-cp38-cp38-manylinux1_x86_64.whl", hash = "sha256:26e761ab5b07adf5f555ee82fb4bfc35bf93750499c6c7614bd64d12aaa67927"},
    {file = "lxml-4.6.3-cp38-cp38-manylinux2010_i686.whl", hash = "sha256:e1cbd3f19a61e27e011e02f9600837b921ac661f0c40560eefb366e4e4fb275e"},
    {file = "lxml-4.6.3-cp38-cp38-manylinux2014_aarch64.whl", hash = "sha256:66e575c62792c3f9ca47cb8b6fab9e35bab91360c783d1606f758761810c9791"},
    {file = "lxml-4.6.3-cp38-cp38-manylinux2014_x86_64.whl", hash = "sha256:1b38116b6e628118dea5b2186ee6820ab138dbb1e24a13e478490c7db2f326ae"},
    {file = "lxml-4.6.3-cp38-cp38-win32.whl", hash = "sha256:89b8b22a5ff72d89d48d0e62abb14340d9e99fd637d046c27b8b257a01ffbe28"},
    {file = "lxml-4.6.3-cp38-cp38-win_amd64.whl", hash = "sha256:2a9d50e69aac3ebee695424f7dbd7b8c6d6eb7de2a2eb6b0f6c7db6aa41e02b7"},
    {file = "lxml-4.6.3-cp39-cp39-macosx_10_9_x86_64.whl", hash = "sha256:ce256aaa50f6cc9a649c51be3cd4ff142d67295bfc4f490c9134d0f9f6d58ef0"},
    {file = "lxml-4.6.3-cp39-cp39-manylinux1_i686.whl", hash = "sha256:7610b8c31688f0b1be0ef882889817939490a36d0ee880ea562a4e1399c447a1"},
    {file = "lxml-4.6.3-cp39-cp39-manylinux1_x86_64.whl", hash = "sha256:f8380c03e45cf09f8557bdaa41e1fa7c81f3ae22828e1db470ab2a6c96d8bc23"},
    {file = "lxml-4.6.3-cp39-cp39-manylinux2010_i686.whl", hash = "sha256:3082c518be8e97324390614dacd041bb1358c882d77108ca1957ba47738d9d59"},
    {file = "lxml-4.6.3-cp39-cp39-manylinux2014_aarch64.whl", hash = "sha256:884ab9b29feaca361f7f88d811b1eea9bfca36cf3da27768d28ad45c3ee6f969"},
    {file = "lxml-4.6.3-cp39-cp39-manylinux2014_x86_64.whl", hash = "sha256:6f12e1427285008fd32a6025e38e977d44d6382cf28e7201ed10d6c1698d2a9a"},
    {file = "lxml-4.6.3-cp39-cp39-win32.whl", hash = "sha256:33bb934a044cf32157c12bfcfbb6649807da20aa92c062ef51903415c704704f"},
    {file = "lxml-4.6.3-cp39-cp39-win_amd64.whl", hash = "sha256:542d454665a3e277f76954418124d67516c5f88e51a900365ed54a9806122b83"},
    {file = "lxml-4.6.3.tar.gz", hash = "sha256:39b78571b3b30645ac77b95f7c69d1bffc4cf8c3b157c435a34da72e78c82468"},
]
markovify = [
    {file = "markovify-0.9.0.tar.gz", hash = "sha256:6bed379c6143741d6f7344f8d88526b0387ede23cf798f1e5ab99f525d6dba4d"},
]
markupsafe = [
    {file = "MarkupSafe-2.0.0-cp36-cp36m-macosx_10_9_x86_64.whl", hash = "sha256:2efaeb1baff547063bad2b2893a8f5e9c459c4624e1a96644bbba08910ae34e0"},
    {file = "MarkupSafe-2.0.0-cp36-cp36m-manylinux1_i686.whl", hash = "sha256:441ce2a8c17683d97e06447fcbccbdb057cbf587c78eb75ae43ea7858042fe2c"},
    {file = "MarkupSafe-2.0.0-cp36-cp36m-manylinux1_x86_64.whl", hash = "sha256:45535241baa0fc0ba2a43961a1ac7562ca3257f46c4c3e9c0de38b722be41bd1"},
    {file = "MarkupSafe-2.0.0-cp36-cp36m-manylinux2010_i686.whl", hash = "sha256:90053234a6479738fd40d155268af631c7fca33365f964f2208867da1349294b"},
    {file = "MarkupSafe-2.0.0-cp36-cp36m-manylinux2010_x86_64.whl", hash = "sha256:3b54a9c68995ef4164567e2cd1a5e16db5dac30b2a50c39c82db8d4afaf14f63"},
    {file = "MarkupSafe-2.0.0-cp36-cp36m-manylinux2014_aarch64.whl", hash = "sha256:f58b5ba13a5689ca8317b98439fccfbcc673acaaf8241c1869ceea40f5d585bf"},
    {file = "MarkupSafe-2.0.0-cp36-cp36m-win32.whl", hash = "sha256:a00dce2d96587651ef4fa192c17e039e8cfab63087c67e7d263a5533c7dad715"},
    {file = "MarkupSafe-2.0.0-cp36-cp36m-win_amd64.whl", hash = "sha256:007dc055dbce5b1104876acee177dbfd18757e19d562cd440182e1f492e96b95"},
    {file = "MarkupSafe-2.0.0-cp37-cp37m-macosx_10_9_x86_64.whl", hash = "sha256:a08cd07d3c3c17cd33d9e66ea9dee8f8fc1c48e2d11bd88fd2dc515a602c709b"},
    {file = "MarkupSafe-2.0.0-cp37-cp37m-manylinux1_i686.whl", hash = "sha256:3c352ff634e289061711608f5e474ec38dbaa21e3e168820d53d5f4015e5b91b"},
    {file = "MarkupSafe-2.0.0-cp37-cp37m-manylinux1_x86_64.whl", hash = "sha256:32200f562daaab472921a11cbb63780f1654552ae49518196fc361ed8e12e901"},
    {file = "MarkupSafe-2.0.0-cp37-cp37m-manylinux2010_i686.whl", hash = "sha256:fef86115fdad7ae774720d7103aa776144cf9b66673b4afa9bcaa7af990ed07b"},
    {file = "MarkupSafe-2.0.0-cp37-cp37m-manylinux2010_x86_64.whl", hash = "sha256:e79212d09fc0e224d20b43ad44bb0a0a3416d1e04cf6b45fed265114a5d43d20"},
    {file = "MarkupSafe-2.0.0-cp37-cp37m-manylinux2014_aarch64.whl", hash = "sha256:79b2ae94fa991be023832e6bcc00f41dbc8e5fe9d997a02db965831402551730"},
    {file = "MarkupSafe-2.0.0-cp37-cp37m-win32.whl", hash = "sha256:3261fae28155e5c8634dd7710635fe540a05b58f160cef7713c7700cb9980e66"},
    {file = "MarkupSafe-2.0.0-cp37-cp37m-win_amd64.whl", hash = "sha256:e4570d16f88c7f3032ed909dc9e905a17da14a1c4cfd92608e3fda4cb1208bbd"},
    {file = "MarkupSafe-2.0.0-cp38-cp38-macosx_10_9_x86_64.whl", hash = "sha256:8f806bfd0f218477d7c46a11d3e52dc7f5fdfaa981b18202b7dc84bbc287463b"},
    {file = "MarkupSafe-2.0.0-cp38-cp38-manylinux1_i686.whl", hash = "sha256:e77e4b983e2441aff0c0d07ee711110c106b625f440292dfe02a2f60c8218bd6"},
    {file = "MarkupSafe-2.0.0-cp38-cp38-manylinux1_x86_64.whl", hash = "sha256:031bf79a27d1c42f69c276d6221172417b47cb4b31cdc73d362a9bf5a1889b9f"},
    {file = "MarkupSafe-2.0.0-cp38-cp38-manylinux2010_i686.whl", hash = "sha256:83cf0228b2f694dcdba1374d5312f2277269d798e65f40344964f642935feac1"},
    {file = "MarkupSafe-2.0.0-cp38-cp38-manylinux2010_x86_64.whl", hash = "sha256:4cc563836f13c57f1473bc02d1e01fc37bab70ad4ee6be297d58c1d66bc819bf"},
    {file = "MarkupSafe-2.0.0-cp38-cp38-manylinux2014_aarch64.whl", hash = "sha256:d00a669e4a5bec3ee6dbeeeedd82a405ced19f8aeefb109a012ea88a45afff96"},
    {file = "MarkupSafe-2.0.0-cp38-cp38-win32.whl", hash = "sha256:161d575fa49395860b75da5135162481768b11208490d5a2143ae6785123e77d"},
    {file = "MarkupSafe-2.0.0-cp38-cp38-win_amd64.whl", hash = "sha256:58bc9fce3e1557d463ef5cee05391a05745fd95ed660f23c1742c711712c0abb"},
    {file = "MarkupSafe-2.0.0-cp39-cp39-macosx_10_9_universal2.whl", hash = "sha256:3fb47f97f1d338b943126e90b79cad50d4fcfa0b80637b5a9f468941dbbd9ce5"},
    {file = "MarkupSafe-2.0.0-cp39-cp39-macosx_10_9_x86_64.whl", hash = "sha256:dab0c685f21f4a6c95bfc2afd1e7eae0033b403dd3d8c1b6d13a652ada75b348"},
    {file = "MarkupSafe-2.0.0-cp39-cp39-manylinux1_i686.whl", hash = "sha256:664832fb88b8162268928df233f4b12a144a0c78b01d38b81bdcf0fc96668ecb"},
    {file = "MarkupSafe-2.0.0-cp39-cp39-manylinux1_x86_64.whl", hash = "sha256:df561f65049ed3556e5b52541669310e88713fdae2934845ec3606f283337958"},
    {file = "MarkupSafe-2.0.0-cp39-cp39-manylinux2010_i686.whl", hash = "sha256:24bbc3507fb6dfff663af7900a631f2aca90d5a445f272db5fc84999fa5718bc"},
    {file = "MarkupSafe-2.0.0-cp39-cp39-manylinux2010_x86_64.whl", hash = "sha256:87de598edfa2230ff274c4de7fcf24c73ffd96208c8e1912d5d0fee459767d75"},
    {file = "MarkupSafe-2.0.0-cp39-cp39-manylinux2014_aarch64.whl", hash = "sha256:a19d39b02a24d3082856a5b06490b714a9d4179321225bbf22809ff1e1887cc8"},
    {file = "MarkupSafe-2.0.0-cp39-cp39-win32.whl", hash = "sha256:4aca81a687975b35e3e80bcf9aa93fe10cd57fac37bf18b2314c186095f57e05"},
    {file = "MarkupSafe-2.0.0-cp39-cp39-win_amd64.whl", hash = "sha256:70820a1c96311e02449591cbdf5cd1c6a34d5194d5b55094ab725364375c9eb2"},
    {file = "MarkupSafe-2.0.0.tar.gz", hash = "sha256:4fae0677f712ee090721d8b17f412f1cbceefbf0dc180fe91bab3232f38b4527"},
]
peewee = [
    {file = "peewee-3.14.4.tar.gz", hash = "sha256:9e356b327c2eaec6dd42ecea6f4ddded025793dba906a3d065a0452e726c51a2"},
]
pillow = [
    {file = "Pillow-8.2.0-cp36-cp36m-macosx_10_10_x86_64.whl", hash = "sha256:dc38f57d8f20f06dd7c3161c59ca2c86893632623f33a42d592f097b00f720a9"},
    {file = "Pillow-8.2.0-cp36-cp36m-manylinux1_i686.whl", hash = "sha256:a013cbe25d20c2e0c4e85a9daf438f85121a4d0344ddc76e33fd7e3965d9af4b"},
    {file = "Pillow-8.2.0-cp36-cp36m-manylinux1_x86_64.whl", hash = "sha256:8bb1e155a74e1bfbacd84555ea62fa21c58e0b4e7e6b20e4447b8d07990ac78b"},
    {file = "Pillow-8.2.0-cp36-cp36m-manylinux2014_aarch64.whl", hash = "sha256:c5236606e8570542ed424849f7852a0ff0bce2c4c8d0ba05cc202a5a9c97dee9"},
    {file = "Pillow-8.2.0-cp36-cp36m-win32.whl", hash = "sha256:12e5e7471f9b637762453da74e390e56cc43e486a88289995c1f4c1dc0bfe727"},
    {file = "Pillow-8.2.0-cp36-cp36m-win_amd64.whl", hash = "sha256:5afe6b237a0b81bd54b53f835a153770802f164c5570bab5e005aad693dab87f"},
    {file = "Pillow-8.2.0-cp37-cp37m-macosx_10_10_x86_64.whl", hash = "sha256:cb7a09e173903541fa888ba010c345893cd9fc1b5891aaf060f6ca77b6a3722d"},
    {file = "Pillow-8.2.0-cp37-cp37m-manylinux1_i686.whl", hash = "sha256:0d19d70ee7c2ba97631bae1e7d4725cdb2ecf238178096e8c82ee481e189168a"},
    {file = "Pillow-8.2.0-cp37-cp37m-manylinux1_x86_64.whl", hash = "sha256:083781abd261bdabf090ad07bb69f8f5599943ddb539d64497ed021b2a67e5a9"},
    {file = "Pillow-8.2.0-cp37-cp37m-manylinux2014_aarch64.whl", hash = "sha256:c6b39294464b03457f9064e98c124e09008b35a62e3189d3513e5148611c9388"},
    {file = "Pillow-8.2.0-cp37-cp37m-win32.whl", hash = "sha256:01425106e4e8cee195a411f729cff2a7d61813b0b11737c12bd5991f5f14bcd5"},
    {file = "Pillow-8.2.0-cp37-cp37m-win_amd64.whl", hash = "sha256:3b570f84a6161cf8865c4e08adf629441f56e32f180f7aa4ccbd2e0a5a02cba2"},
    {file = "Pillow-8.2.0-cp38-cp38-macosx_10_10_x86_64.whl", hash = "sha256:031a6c88c77d08aab84fecc05c3cde8414cd6f8406f4d2b16fed1e97634cc8a4"},
    {file = "Pillow-8.2.0-cp38-cp38-manylinux1_i686.whl", hash = "sha256:66cc56579fd91f517290ab02c51e3a80f581aba45fd924fcdee01fa06e635812"},
    {file = "Pillow-8.2.0-cp38-cp38-manylinux1_x86_64.whl", hash = "sha256:6c32cc3145928c4305d142ebec682419a6c0a8ce9e33db900027ddca1ec39178"},
    {file = "Pillow-8.2.0-cp38-cp38-manylinux2014_aarch64.whl", hash = "sha256:624b977355cde8b065f6d51b98497d6cd5fbdd4f36405f7a8790e3376125e2bb"},
    {file = "Pillow-8.2.0-cp38-cp38-win32.whl", hash = "sha256:5cbf3e3b1014dddc45496e8cf38b9f099c95a326275885199f427825c6522232"},
    {file = "Pillow-8.2.0-cp38-cp38-win_amd64.whl", hash = "sha256:463822e2f0d81459e113372a168f2ff59723e78528f91f0bd25680ac185cf797"},
    {file = "Pillow-8.2.0-cp39-cp39-macosx_10_10_x86_64.whl", hash = "sha256:95d5ef984eff897850f3a83883363da64aae1000e79cb3c321915468e8c6add5"},
    {file = "Pillow-8.2.0-cp39-cp39-macosx_11_0_arm64.whl", hash = "sha256:b91c36492a4bbb1ee855b7d16fe51379e5f96b85692dc8210831fbb24c43e484"},
    {file = "Pillow-8.2.0-cp39-cp39-manylinux1_i686.whl", hash = "sha256:d68cb92c408261f806b15923834203f024110a2e2872ecb0bd2a110f89d3c602"},
    {file = "Pillow-8.2.0-cp39-cp39-manylinux1_x86_64.whl", hash = "sha256:f217c3954ce5fd88303fc0c317af55d5e0204106d86dea17eb8205700d47dec2"},
    {file = "Pillow-8.2.0-cp39-cp39-manylinux2014_aarch64.whl", hash = "sha256:5b70110acb39f3aff6b74cf09bb4169b167e2660dabc304c1e25b6555fa781ef"},
    {file = "Pillow-8.2.0-cp39-cp39-win32.whl", hash = "sha256:a7d5e9fad90eff8f6f6106d3b98b553a88b6f976e51fce287192a5d2d5363713"},
    {file = "Pillow-8.2.0-cp39-cp39-win_amd64.whl", hash = "sha256:238c197fc275b475e87c1453b05b467d2d02c2915fdfdd4af126145ff2e4610c"},
    {file = "Pillow-8.2.0-pp36-pypy36_pp73-macosx_10_10_x86_64.whl", hash = "sha256:0e04d61f0064b545b989126197930807c86bcbd4534d39168f4aa5fda39bb8f9"},
    {file = "Pillow-8.2.0-pp36-pypy36_pp73-manylinux2010_i686.whl", hash = "sha256:63728564c1410d99e6d1ae8e3b810fe012bc440952168af0a2877e8ff5ab96b9"},
    {file = "Pillow-8.2.0-pp36-pypy36_pp73-manylinux2010_x86_64.whl", hash = "sha256:c03c07ed32c5324939b19e36ae5f75c660c81461e312a41aea30acdd46f93a7c"},
    {file = "Pillow-8.2.0-pp37-pypy37_pp73-macosx_10_10_x86_64.whl", hash = "sha256:4d98abdd6b1e3bf1a1cbb14c3895226816e666749ac040c4e2554231068c639b"},
    {file = "Pillow-8.2.0-pp37-pypy37_pp73-manylinux2010_i686.whl", hash = "sha256:aac00e4bc94d1b7813fe882c28990c1bc2f9d0e1aa765a5f2b516e8a6a16a9e4"},
    {file = "Pillow-8.2.0-pp37-pypy37_pp73-manylinux2010_x86_64.whl", hash = "sha256:22fd0f42ad15dfdde6c581347eaa4adb9a6fc4b865f90b23378aa7914895e120"},
    {file = "Pillow-8.2.0-pp37-pypy37_pp73-win32.whl", hash = "sha256:e98eca29a05913e82177b3ba3d198b1728e164869c613d76d0de4bde6768a50e"},
    {file = "Pillow-8.2.0.tar.gz", hash = "sha256:a787ab10d7bb5494e5f76536ac460741788f1fbce851068d73a87ca7c35fc3e1"},
]
pymysql = [
    {file = "PyMySQL-1.0.2-py3-none-any.whl", hash = "sha256:41fc3a0c5013d5f039639442321185532e3e2c8924687abe6537de157d403641"},
    {file = "PyMySQL-1.0.2.tar.gz", hash = "sha256:816927a350f38d56072aeca5dfb10221fe1dc653745853d30a216637f5d7ad36"},
]
python-slugify = [
    {file = "python-slugify-5.0.2.tar.gz", hash = "sha256:f13383a0b9fcbe649a1892b9c8eb4f8eab1d6d84b84bb7a624317afa98159cab"},
    {file = "python_slugify-5.0.2-py2.py3-none-any.whl", hash = "sha256:6d8c5df75cd4a7c3a2d21e257633de53f52ab0265cd2d1dc62a730e8194a7380"},
]
redis = [
    {file = "redis-3.5.3-py2.py3-none-any.whl", hash = "sha256:432b788c4530cfe16d8d943a09d40ca6c16149727e4afe8c2c9d5580c59d9f24"},
    {file = "redis-3.5.3.tar.gz", hash = "sha256:0e7e0cfca8660dea8b7d5cd8c4f6c5e29e11f31158c0b0ae91a397f00e5a05a2"},
]
requests = [
    {file = "requests-2.25.1-py2.py3-none-any.whl", hash = "sha256:c210084e36a42ae6b9219e00e48287def368a26d03a048ddad7bfee44f75871e"},
    {file = "requests-2.25.1.tar.gz", hash = "sha256:27973dd4a904a4f13b263a19c866c13b92a39ed1c964655f025f3f8d3d75b804"},
]
schema = [
    {file = "schema-0.7.4-py2.py3-none-any.whl", hash = "sha256:cf97e4cd27e203ab6bb35968532de1ed8991bce542a646f0ff1d643629a4945d"},
    {file = "schema-0.7.4.tar.gz", hash = "sha256:fbb6a52eb2d9facf292f233adcc6008cffd94343c63ccac9a1cb1f3e6de1db17"},
]
sentry-sdk = [
    {file = "sentry-sdk-1.1.0.tar.gz", hash = "sha256:c1227d38dca315ba35182373f129c3e2722e8ed999e52584e6aca7d287870739"},
    {file = "sentry_sdk-1.1.0-py2.py3-none-any.whl", hash = "sha256:c7d380a21281e15be3d9f67a3c4fbb4f800c481d88ff8d8931f39486dd7b4ada"},
]
setproctitle = [
    {file = "setproctitle-1.2.2-cp36-cp36m-manylinux1_i686.whl", hash = "sha256:9106bcbacae534b6f82955b176723f1b2ca6514518aab44dffec05a583f8dca8"},
    {file = "setproctitle-1.2.2-cp36-cp36m-manylinux1_x86_64.whl", hash = "sha256:30bc7a769a4451639a0adcbc97bdf7a6e9ac0ef3ddad8d63eb1e338edb3ebeda"},
    {file = "setproctitle-1.2.2-cp36-cp36m-manylinux2014_aarch64.whl", hash = "sha256:e8ef655eab26e83ec105ce79036bb87e5f2bf8ba2d6f48afdd9595ef7647fcf4"},
    {file = "setproctitle-1.2.2-cp36-cp36m-win32.whl", hash = "sha256:0df728d0d350e6b1ad8436cc7add052faebca6f4d03257182d427d86d4422065"},
    {file = "setproctitle-1.2.2-cp36-cp36m-win_amd64.whl", hash = "sha256:5260e8700c5793d48e79c5e607e8e552e795b698491a4b9bb9111eb74366a450"},
    {file = "setproctitle-1.2.2-cp37-cp37m-manylinux1_i686.whl", hash = "sha256:ba1fb32e7267330bd9f72e69e076777a877f1cb9be5beac5e62d1279e305f37f"},
    {file = "setproctitle-1.2.2-cp37-cp37m-manylinux1_x86_64.whl", hash = "sha256:e696c93d93c23f377ccd2d72e38908d3dbfc90e45561602b805f53f2627d42ea"},
    {file = "setproctitle-1.2.2-cp37-cp37m-manylinux2014_aarch64.whl", hash = "sha256:fbf914179dc4540ee6bfd8228b4cc1f1f6fb12dad66b72b5c9b955b222403220"},
    {file = "setproctitle-1.2.2-cp37-cp37m-win32.whl", hash = "sha256:28b884e1cb9a53974e15838864283f9bad774b5c7db98c9609416bd123cb9fd1"},
    {file = "setproctitle-1.2.2-cp37-cp37m-win_amd64.whl", hash = "sha256:a11d329f33221443317e2aeaee9442f22fcae25be3aa4fb8489e4f7b1f65cdd2"},
    {file = "setproctitle-1.2.2-cp38-cp38-manylinux1_i686.whl", hash = "sha256:e13a5c1d9c369cb11cdfc4b75be432b83eb3205c95a69006008ffd4366f87b9e"},
    {file = "setproctitle-1.2.2-cp38-cp38-manylinux1_x86_64.whl", hash = "sha256:c611f65bc9de5391a1514de556f71101e6531bb0715d240efd3e9732626d5c9e"},
    {file = "setproctitle-1.2.2-cp38-cp38-manylinux2014_aarch64.whl", hash = "sha256:bc4393576ed3ac87ddac7d1bd0faaa2fab24840a025cc5f3c21d14cf0c9c8a12"},
    {file = "setproctitle-1.2.2-cp38-cp38-win32.whl", hash = "sha256:17598f38be9ef499d74f2380bf76b558be72e87da75d66b153350e586649171b"},
    {file = "setproctitle-1.2.2-cp38-cp38-win_amd64.whl", hash = "sha256:0d160d46c8f3567e0aa27b26b1f36e03122e3de475aacacc14a92b8fe45b648a"},
    {file = "setproctitle-1.2.2-cp39-cp39-manylinux1_i686.whl", hash = "sha256:077943272d0490b3f43d17379432d5e49c263f608fdf4cf624b419db762ca72b"},
    {file = "setproctitle-1.2.2-cp39-cp39-manylinux1_x86_64.whl", hash = "sha256:970798d948f0c90a3eb0f8750f08cb215b89dcbee1b55ffb353ad62d9361daeb"},
    {file = "setproctitle-1.2.2-cp39-cp39-manylinux2014_aarch64.whl", hash = "sha256:3f6136966c81daaf5b4b010613fe33240a045a4036132ef040b623e35772d998"},
    {file = "setproctitle-1.2.2-cp39-cp39-win32.whl", hash = "sha256:249526a06f16d493a2cb632abc1b1fdfaaa05776339a50dd9f27c941f6ff1383"},
    {file = "setproctitle-1.2.2-cp39-cp39-win_amd64.whl", hash = "sha256:4fc5bebd34f451dc87d2772ae6093adea1ea1dc29afc24641b250140decd23bb"},
    {file = "setproctitle-1.2.2.tar.gz", hash = "sha256:7dfb472c8852403d34007e01d6e3c68c57eb66433fb8a5c77b13b89a160d97df"},
]
six = [
    {file = "six-1.16.0-py2.py3-none-any.whl", hash = "sha256:8abb2f1d86890a2dfb989f9a77cfcfd3e47c2a354b01111771326f8aa26e0254"},
    {file = "six-1.16.0.tar.gz", hash = "sha256:1e61c37477a1626458e36f7b1d82aa5c9b094fa4802892072e49de9c60c4c926"},
]
soupsieve = [
    {file = "soupsieve-2.2.1-py3-none-any.whl", hash = "sha256:c2c1c2d44f158cdbddab7824a9af8c4f83c76b1e23e049479aa432feb6c4c23b"},
    {file = "soupsieve-2.2.1.tar.gz", hash = "sha256:052774848f448cf19c7e959adf5566904d525f33a3f8b6ba6f6f8f26ec7de0cc"},
]
text-unidecode = [
    {file = "text-unidecode-1.3.tar.gz", hash = "sha256:bad6603bb14d279193107714b288be206cac565dfa49aa5b105294dd5c4aab93"},
    {file = "text_unidecode-1.3-py2.py3-none-any.whl", hash = "sha256:1311f10e8b895935241623731c2ba64f4c455287888b18189350b67134a822e8"},
]
tqdm = [
    {file = "tqdm-4.60.0-py2.py3-none-any.whl", hash = "sha256:daec693491c52e9498632dfbe9ccfc4882a557f5fa08982db1b4d3adbe0887c3"},
    {file = "tqdm-4.60.0.tar.gz", hash = "sha256:ebdebdb95e3477ceea267decfc0784859aa3df3e27e22d23b83e9b272bf157ae"},
]
unidecode = [
    {file = "Unidecode-1.2.0-py2.py3-none-any.whl", hash = "sha256:12435ef2fc4cdfd9cf1035a1db7e98b6b047fe591892e81f34e94959591fad00"},
    {file = "Unidecode-1.2.0.tar.gz", hash = "sha256:8d73a97d387a956922344f6b74243c2c6771594659778744b2dbdaad8f6b727d"},
]
urllib3 = [
    {file = "urllib3-1.26.4-py2.py3-none-any.whl", hash = "sha256:2f4da4594db7e1e110a944bb1b551fdf4e6c136ad42e4234131391e21eb5b0df"},
    {file = "urllib3-1.26.4.tar.gz", hash = "sha256:e7b021f7241115872f92f43c6508082facffbd1c048e3c6e2bb9c2a157e28937"},
]
werkzeug = [
    {file = "Werkzeug-2.0.0-py3-none-any.whl", hash = "sha256:64c02f6495ba01eddd6625b3675f357cd358a73f1e38458a56ad86c5baa30b53"},
    {file = "Werkzeug-2.0.0.tar.gz", hash = "sha256:3389bbfe6d40c6dd25e6d3f974155163c8b3de5bbda6a89342d4ab93fae80ba0"},
]
